
Microsoft Visual Studio Solution File, Format Version 12.00
# Visual Studio Version 16
VisualStudioVersion = 16.0.30320.27
MinimumVisualStudioVersion = 10.0.40219.1
Project("{FAE04EC0-301F-11D3-BF4B-00C04F79EFBC}") = "TicTacToe", "TicTacToe\TicTacToe.csproj", "{C1CEE55B-7B9F-4B22-943D-94157479F45C}"
EndProject
Global
	GlobalSection(SolutionConfigurationPlatforms) = preSolution
		Debug|Any CPU = Debug|Any CPU
		Release|Any CPU = Release|Any CPU
	EndGlobalSection
	GlobalSection(ProjectConfigurationPlatforms) = postSolution
		{C1CEE55B-7B9F-4B22-943D-94157479F45C}.Debug|Any CPU.ActiveCfg = Debug|Any CPU
		{C1CEE55B-7B9F-4B22-943D-94157479F45C}.Debug|Any CPU.Build.0 = Debug|Any CPU
		{C1CEE55B-7B9F-4B22-943D-94157479F45C}.Release|Any CPU.ActiveCfg = Release|Any CPU
		{C1CEE55B-7B9F-4B22-943D-94157479F45C}.Release|Any CPU.Build.0 = Release|Any CPU
	EndGlobalSection
	GlobalSection(SolutionProperties) = preSolution
		HideSolutionNode = FALSE
	EndGlobalSection
	GlobalSection(ExtensibilityGlobals) = postSolution
		SolutionGuid = {D9C865BD-9B71-4ECA-8686-218D31F7ED61}
	EndGlobalSection
EndGlobal
